
Microsoft Visual Studio Solution File, Format Version 12.00
Project("{FAE04EC0-301F-11D3-BF4B-00C04F79EFBC}") = "BookingSystem", "BookingSystem\BookingSystem.csproj", "{7FA499AC-0ED7-44D0-81C3-4613510A7749}"
EndProject
Project("{FAE04EC0-301F-11D3-BF4B-00C04F79EFBC}") = "BookingSystem.Core", "BookingSystem.Core\BookingSystem.Core.csproj", "{D4EAEFE5-D473-46A8-9CA9-6ADCBC86E4A6}"
EndProject
Project("{2150E333-8FDC-42A3-9474-1A3956D46DE8}") = "features", "features", "{9527422A-9149-4A4B-846D-958F9B48943B}"
EndProject
Project("{FAE04EC0-301F-11D3-BF4B-00C04F79EFBC}") = "BookingSystem.Infra", "BookingSystem.Infra\BookingSystem.Infra.csproj", "{9F32E5BC-D338-49F7-B62D-37D811308656}"
EndProject
Project("{FAE04EC0-301F-11D3-BF4B-00C04F79EFBC}") = "BookingSystem.Movies", "BookingSystem.Movies\BookingSystem.Movies.csproj", "{177CB00D-DC2B-4E0F-8F6E-F2A171655F2D}"
EndProject
Global
	GlobalSection(SolutionConfigurationPlatforms) = preSolution
		Debug|Any CPU = Debug|Any CPU
		Release|Any CPU = Release|Any CPU
	EndGlobalSection
	GlobalSection(ProjectConfigurationPlatforms) = postSolution
		{7FA499AC-0ED7-44D0-81C3-4613510A7749}.Debug|Any CPU.ActiveCfg = Debug|Any CPU
		{7FA499AC-0ED7-44D0-81C3-4613510A7749}.Debug|Any CPU.Build.0 = Debug|Any CPU
		{7FA499AC-0ED7-44D0-81C3-4613510A7749}.Release|Any CPU.ActiveCfg = Release|Any CPU
		{7FA499AC-0ED7-44D0-81C3-4613510A7749}.Release|Any CPU.Build.0 = Release|Any CPU
		{D4EAEFE5-D473-46A8-9CA9-6ADCBC86E4A6}.Debug|Any CPU.ActiveCfg = Debug|Any CPU
		{D4EAEFE5-D473-46A8-9CA9-6ADCBC86E4A6}.Debug|Any CPU.Build.0 = Debug|Any CPU
		{D4EAEFE5-D473-46A8-9CA9-6ADCBC86E4A6}.Release|Any CPU.ActiveCfg = Release|Any CPU
		{D4EAEFE5-D473-46A8-9CA9-6ADCBC86E4A6}.Release|Any CPU.Build.0 = Release|Any CPU
		{9F32E5BC-D338-49F7-B62D-37D811308656}.Debug|Any CPU.ActiveCfg = Debug|Any CPU
		{9F32E5BC-D338-49F7-B62D-37D811308656}.Debug|Any CPU.Build.0 = Debug|Any CPU
		{9F32E5BC-D338-49F7-B62D-37D811308656}.Release|Any CPU.ActiveCfg = Release|Any CPU
		{9F32E5BC-D338-49F7-B62D-37D811308656}.Release|Any CPU.Build.0 = Release|Any CPU
		{177CB00D-DC2B-4E0F-8F6E-F2A171655F2D}.Debug|Any CPU.ActiveCfg = Debug|Any CPU
		{177CB00D-DC2B-4E0F-8F6E-F2A171655F2D}.Debug|Any CPU.Build.0 = Debug|Any CPU
		{177CB00D-DC2B-4E0F-8F6E-F2A171655F2D}.Release|Any CPU.ActiveCfg = Release|Any CPU
		{177CB00D-DC2B-4E0F-8F6E-F2A171655F2D}.Release|Any CPU.Build.0 = Release|Any CPU
	EndGlobalSection
	GlobalSection(NestedProjects) = preSolution
		{177CB00D-DC2B-4E0F-8F6E-F2A171655F2D} = {9527422A-9149-4A4B-846D-958F9B48943B}
	EndGlobalSection
EndGlobal
